schema: '2.0'
stages:
  data_ingestion:
    cmd: python src/pipeline/stage_01_data_ingestion.py
    deps:
    - path: configs/config.yaml
      md5: 0b9ce9f354e0a20dca08741e52a76174
      size: 525
    - path: raw_data/concrete_data.csv
      md5: 27b77a1434f770fea1fd76e94229b7af
      size: 59010
    - path: src/component/data_ingestion.py
      md5: f4c835365c105e93ba9b3bb7d81496a5
      size: 5036
    - path: src/config/configuration.py
      md5: 27527bec21e1892b605b2c7a9083b587
      size: 4387
    - path: src/entity/config_entity.py
      md5: c2070f418ddf688e751a24c639a859de
      size: 695
    - path: src/pipeline/stage_01_data_ingestion.py
      md5: 53434273f751cfc3e0e5bde8af3f2ba0
      size: 504
    outs:
    - path: artifacts/DATA_INGESTION/test.csv
      md5: 3161299e47d9054577ce74b48433418a
      size: 10230
    - path: artifacts/DATA_INGESTION/train.csv
      md5: f0965cd7317071b0a025bd65b1987b49
      size: 40678
  data_transformation:
    cmd: python src/pipeline/stage_02_data_transformation.py
    deps:
    - path: artifacts/DATA_INGESTION/test.csv
      md5: 3161299e47d9054577ce74b48433418a
      size: 10230
    - path: artifacts/DATA_INGESTION/train.csv
      md5: f0965cd7317071b0a025bd65b1987b49
      size: 40678
    - path: configs/config.yaml
      md5: 0b9ce9f354e0a20dca08741e52a76174
      size: 525
    - path: src/component/data_transformation.py
      md5: 4c09dc9e25ca2087fa25758a58307fd3
      size: 3184
    - path: src/config/configuration.py
      md5: 27527bec21e1892b605b2c7a9083b587
      size: 4387
    - path: src/entity/config_entity.py
      md5: c2070f418ddf688e751a24c639a859de
      size: 695
    - path: src/pipeline/stage_02_data_transformation.py
      md5: f5f5b33ac03dfbcb4eb45848404a7ddb
      size: 534
    outs:
    - path: artifacts/DATA_TRANSFORMATION/processed_test.csv
      md5: 1924bad4d67ff1af8e7ff0dc81a75690
      size: 33619
    - path: artifacts/DATA_TRANSFORMATION/processed_train.csv
      md5: 09907a9a54c32da8584d593d1ef6829e
      size: 133622
    - path: prediction_service/models/scaler.pkl
      md5: 6ff7bc12278f9e605bcff16e8e765c9a
      size: 786
  model_training:
    cmd: python src/pipeline/stage_03_model_training.py
    deps:
    - path: artifacts/DATA_TRANSFORMATION/processed_train.csv
      md5: 09907a9a54c32da8584d593d1ef6829e
      size: 133622
    - path: configs/config.yaml
      md5: 0b9ce9f354e0a20dca08741e52a76174
      size: 525
    - path: configs/params.yaml
      md5: 1e0be867bd403f15ec7df15ba561bd73
      size: 93
    - path: src/component/model_training.py
      md5: 1b800ef6dce66dc066501fc0b16f9a4b
      size: 2258
    - path: src/config/configuration.py
      md5: 27527bec21e1892b605b2c7a9083b587
      size: 4387
    - path: src/entity/config_entity.py
      md5: c2070f418ddf688e751a24c639a859de
      size: 695
    - path: src/pipeline/stage_03_model_training.py
      md5: 5bca2571cd4086f81ed7b882047a5b1c
      size: 502
    outs:
    - path: artifacts/MODEL_TRAINER/experiment_results.csv
      md5: fbdd75d84456eea1ebd10f06c02237ba
      size: 1329
    - path: prediction_service/models/model.pkl
      md5: b75eca5257b50d74d9a3917e7f20b5c7
      size: 126054
  model_evaluation:
    cmd: python src/pipeline/stage_04_model_evaluation.py
    deps:
    - path: artifacts/DATA_TRANSFORMATION/processed_test.csv
      md5: 1924bad4d67ff1af8e7ff0dc81a75690
      size: 33619
    - path: configs/config.yaml
      md5: 0b9ce9f354e0a20dca08741e52a76174
      size: 525
    - path: prediction_service/models/model.pkl
      md5: b75eca5257b50d74d9a3917e7f20b5c7
      size: 126054
    - path: src/component/model_evaluation.py
      md5: cd7da5d920056c554dae3c236ef38653
      size: 2357
    - path: src/config/configuration.py
      md5: 27527bec21e1892b605b2c7a9083b587
      size: 4387
    - path: src/entity/config_entity.py
      md5: c2070f418ddf688e751a24c639a859de
      size: 695
    - path: src/pipeline/stage_04_model_evaluation.py
      md5: bb95579d6d7ba87e8c54058c116a2397
      size: 514
    outs:
    - path: artifacts/MODEL_EVALUATOR/test_results.json
      md5: 9eaecb532ce78269371414c5c30c7be2
      size: 60
