schema: '2.0'
stages:
  data_ingestion:
    cmd: python src/pipeline/stage_01_data_ingestion.py
    deps:
    - path: configs/config.yaml
      md5: 0b9ce9f354e0a20dca08741e52a76174
      size: 525
    - path: raw_data/concrete_data.csv
      md5: 27b77a1434f770fea1fd76e94229b7af
      size: 59010
    - path: src/component/data_ingestion.py
      md5: bf73a2abedb449f64d7a018941a5e84f
      size: 5670
    - path: src/config/configuration.py
      md5: 27527bec21e1892b605b2c7a9083b587
      size: 4387
    - path: src/entity/config_entity.py
      md5: c2070f418ddf688e751a24c639a859de
      size: 695
    - path: src/pipeline/stage_01_data_ingestion.py
      md5: 53434273f751cfc3e0e5bde8af3f2ba0
      size: 504
    outs:
    - path: artifacts/DATA_INGESTION/test.csv
      md5: 18062a707c35a4e0d10ee504c4ecae7a
      size: 9935
    - path: artifacts/DATA_INGESTION/train.csv
      md5: b0364cfbb1ab43dada9be043997bee66
      size: 39548
  data_transformation:
    cmd: python src/pipeline/stage_02_data_transformation.py
    deps:
    - path: artifacts/DATA_INGESTION/test.csv
      md5: 18062a707c35a4e0d10ee504c4ecae7a
      size: 9935
    - path: artifacts/DATA_INGESTION/train.csv
      md5: b0364cfbb1ab43dada9be043997bee66
      size: 39548
    - path: configs/config.yaml
      md5: 0b9ce9f354e0a20dca08741e52a76174
      size: 525
    - path: src/component/data_transformation.py
      md5: 4c09dc9e25ca2087fa25758a58307fd3
      size: 3184
    - path: src/config/configuration.py
      md5: 27527bec21e1892b605b2c7a9083b587
      size: 4387
    - path: src/entity/config_entity.py
      md5: c2070f418ddf688e751a24c639a859de
      size: 695
    - path: src/pipeline/stage_02_data_transformation.py
      md5: f5f5b33ac03dfbcb4eb45848404a7ddb
      size: 534
    outs:
    - path: artifacts/DATA_TRANSFORMATION/processed_test.csv
      md5: 2521436f7bbc4902e9609264bf7b7346
      size: 32845
    - path: artifacts/DATA_TRANSFORMATION/processed_train.csv
      md5: c641d3a125d6fabd5215f63cfcb56262
      size: 130768
  model_evaluation:
    cmd: python src/pipeline/stage_04_model_evaluation.py
    deps:
    - path: artifacts/DATA_TRANSFORMATION/processed_test.csv
      md5: 2521436f7bbc4902e9609264bf7b7346
      size: 32845
    - path: configs/config.yaml
      md5: 0b9ce9f354e0a20dca08741e52a76174
      size: 525
    - path: src/component/model_evaluation.py
      md5: b37c65b44868c4f3272a19f39d6e44bf
      size: 2369
    - path: src/config/configuration.py
      md5: 27527bec21e1892b605b2c7a9083b587
      size: 4387
    - path: src/entity/config_entity.py
      md5: c2070f418ddf688e751a24c639a859de
      size: 695
    - path: src/pipeline/stage_04_model_evaluation.py
      md5: bb95579d6d7ba87e8c54058c116a2397
      size: 514
    outs:
    - path: artifacts/MODEL_EVALUATOR/test_results.json
      md5: 4e5137b761061576b9c5353cdbfd2c8f
      size: 60
  model_training:
    cmd: python src/pipeline/stage_03_model_training.py
    deps:
    - path: artifacts/DATA_TRANSFORMATION/processed_train.csv
      md5: c641d3a125d6fabd5215f63cfcb56262
      size: 130768
    - path: configs/config.yaml
      md5: 0b9ce9f354e0a20dca08741e52a76174
      size: 525
    - path: configs/params.yaml
      md5: 1e0be867bd403f15ec7df15ba561bd73
      size: 93
    - path: src/component/model_training.py
      md5: 1b800ef6dce66dc066501fc0b16f9a4b
      size: 2258
    - path: src/config/configuration.py
      md5: 27527bec21e1892b605b2c7a9083b587
      size: 4387
    - path: src/entity/config_entity.py
      md5: c2070f418ddf688e751a24c639a859de
      size: 695
    - path: src/pipeline/stage_03_model_training.py
      md5: 5bca2571cd4086f81ed7b882047a5b1c
      size: 502
